
Microsoft Visual Studio Solution File, Format Version 12.00
# Visual Studio Version 17
VisualStudioVersion = 17.8.34322.80
MinimumVisualStudioVersion = 10.0.40219.1
Project("{2150E333-8FDC-42A3-9474-1A3956D46DE8}") = "Core", "Core", "{FEFC9817-E5E5-4A78-B067-25E2A8C9F3D6}"
EndProject
Project("{2150E333-8FDC-42A3-9474-1A3956D46DE8}") = "Infrastructure", "Infrastructure", "{C15365E5-DD80-412B-AA15-E78829DEAED0}"
EndProject
Project("{2150E333-8FDC-42A3-9474-1A3956D46DE8}") = "Presentation", "Presentation", "{1B7A3460-D55E-4165-BA94-986A1F1E225F}"
EndProject
Project("{FAE04EC0-301F-11D3-BF4B-00C04F79EFBC}") = "Game.Domain", "Game.Domain\Game.Domain.csproj", "{A547ED9E-395E-437A-983D-8DB2B99490FD}"
EndProject
Project("{FAE04EC0-301F-11D3-BF4B-00C04F79EFBC}") = "Game.Application", "Game.Application\Game.Application.csproj", "{6065B1D9-0112-4849-893D-FCFA8D63004A}"
EndProject
Project("{FAE04EC0-301F-11D3-BF4B-00C04F79EFBC}") = "Game.Infrastructure", "Game.Infrastructure\Game.Infrastructure.csproj", "{1AA1B11D-E5A1-4D89-98F9-02C47973CC94}"
EndProject
Project("{FAE04EC0-301F-11D3-BF4B-00C04F79EFBC}") = "Game.API", "Game.API\Game.API.csproj", "{43889FB1-918D-40E5-A414-7F5BB3345916}"
EndProject
Global
	GlobalSection(SolutionConfigurationPlatforms) = preSolution
		Debug|Any CPU = Debug|Any CPU
		Release|Any CPU = Release|Any CPU
	EndGlobalSection
	GlobalSection(ProjectConfigurationPlatforms) = postSolution
		{A547ED9E-395E-437A-983D-8DB2B99490FD}.Debug|Any CPU.ActiveCfg = Debug|Any CPU
		{A547ED9E-395E-437A-983D-8DB2B99490FD}.Debug|Any CPU.Build.0 = Debug|Any CPU
		{A547ED9E-395E-437A-983D-8DB2B99490FD}.Release|Any CPU.ActiveCfg = Release|Any CPU
		{A547ED9E-395E-437A-983D-8DB2B99490FD}.Release|Any CPU.Build.0 = Release|Any CPU
		{6065B1D9-0112-4849-893D-FCFA8D63004A}.Debug|Any CPU.ActiveCfg = Debug|Any CPU
		{6065B1D9-0112-4849-893D-FCFA8D63004A}.Debug|Any CPU.Build.0 = Debug|Any CPU
		{6065B1D9-0112-4849-893D-FCFA8D63004A}.Release|Any CPU.ActiveCfg = Release|Any CPU
		{6065B1D9-0112-4849-893D-FCFA8D63004A}.Release|Any CPU.Build.0 = Release|Any CPU
		{1AA1B11D-E5A1-4D89-98F9-02C47973CC94}.Debug|Any CPU.ActiveCfg = Debug|Any CPU
		{1AA1B11D-E5A1-4D89-98F9-02C47973CC94}.Debug|Any CPU.Build.0 = Debug|Any CPU
		{1AA1B11D-E5A1-4D89-98F9-02C47973CC94}.Release|Any CPU.ActiveCfg = Release|Any CPU
		{1AA1B11D-E5A1-4D89-98F9-02C47973CC94}.Release|Any CPU.Build.0 = Release|Any CPU
		{43889FB1-918D-40E5-A414-7F5BB3345916}.Debug|Any CPU.ActiveCfg = Debug|Any CPU
		{43889FB1-918D-40E5-A414-7F5BB3345916}.Debug|Any CPU.Build.0 = Debug|Any CPU
		{43889FB1-918D-40E5-A414-7F5BB3345916}.Release|Any CPU.ActiveCfg = Release|Any CPU
		{43889FB1-918D-40E5-A414-7F5BB3345916}.Release|Any CPU.Build.0 = Release|Any CPU
	EndGlobalSection
	GlobalSection(SolutionProperties) = preSolution
		HideSolutionNode = FALSE
	EndGlobalSection
	GlobalSection(NestedProjects) = preSolution
		{A547ED9E-395E-437A-983D-8DB2B99490FD} = {FEFC9817-E5E5-4A78-B067-25E2A8C9F3D6}
		{6065B1D9-0112-4849-893D-FCFA8D63004A} = {FEFC9817-E5E5-4A78-B067-25E2A8C9F3D6}
		{1AA1B11D-E5A1-4D89-98F9-02C47973CC94} = {C15365E5-DD80-412B-AA15-E78829DEAED0}
		{43889FB1-918D-40E5-A414-7F5BB3345916} = {1B7A3460-D55E-4165-BA94-986A1F1E225F}
	EndGlobalSection
	GlobalSection(ExtensibilityGlobals) = postSolution
		SolutionGuid = {18F768F0-60A2-4655-AF5E-A7A41EC979EB}
	EndGlobalSection
EndGlobal
